
Microsoft Visual Studio Solution File, Format Version 12.00
# Visual Studio Version 17
VisualStudioVersion = 17.6.33712.159
MinimumVisualStudioVersion = 10.0.40219.1
Project("{FAE04EC0-301F-11D3-BF4B-00C04F79EFBC}") = "задача25", "задача25\задача25.csproj", "{3632DFAD-8D78-4264-97F7-CCC2946995DA}"
EndProject
Project("{FAE04EC0-301F-11D3-BF4B-00C04F79EFBC}") = "задача27", "задача27\задача27.csproj", "{D0FD874E-B234-4203-88B1-1EF6E3109E08}"
EndProject
Project("{FAE04EC0-301F-11D3-BF4B-00C04F79EFBC}") = "задача29", "задача29\задача29.csproj", "{49412B1B-DC74-4B1D-9C4A-F11D748BC3FF}"
EndProject
Global
	GlobalSection(SolutionConfigurationPlatforms) = preSolution
		Debug|Any CPU = Debug|Any CPU
		Release|Any CPU = Release|Any CPU
	EndGlobalSection
	GlobalSection(ProjectConfigurationPlatforms) = postSolution
		{3632DFAD-8D78-4264-97F7-CCC2946995DA}.Debug|Any CPU.ActiveCfg = Debug|Any CPU
		{3632DFAD-8D78-4264-97F7-CCC2946995DA}.Debug|Any CPU.Build.0 = Debug|Any CPU
		{3632DFAD-8D78-4264-97F7-CCC2946995DA}.Release|Any CPU.ActiveCfg = Release|Any CPU
		{3632DFAD-8D78-4264-97F7-CCC2946995DA}.Release|Any CPU.Build.0 = Release|Any CPU
		{D0FD874E-B234-4203-88B1-1EF6E3109E08}.Debug|Any CPU.ActiveCfg = Debug|Any CPU
		{D0FD874E-B234-4203-88B1-1EF6E3109E08}.Debug|Any CPU.Build.0 = Debug|Any CPU
		{D0FD874E-B234-4203-88B1-1EF6E3109E08}.Release|Any CPU.ActiveCfg = Release|Any CPU
		{D0FD874E-B234-4203-88B1-1EF6E3109E08}.Release|Any CPU.Build.0 = Release|Any CPU
		{49412B1B-DC74-4B1D-9C4A-F11D748BC3FF}.Debug|Any CPU.ActiveCfg = Debug|Any CPU
		{49412B1B-DC74-4B1D-9C4A-F11D748BC3FF}.Debug|Any CPU.Build.0 = Debug|Any CPU
		{49412B1B-DC74-4B1D-9C4A-F11D748BC3FF}.Release|Any CPU.ActiveCfg = Release|Any CPU
		{49412B1B-DC74-4B1D-9C4A-F11D748BC3FF}.Release|Any CPU.Build.0 = Release|Any CPU
	EndGlobalSection
	GlobalSection(SolutionProperties) = preSolution
		HideSolutionNode = FALSE
	EndGlobalSection
	GlobalSection(ExtensibilityGlobals) = postSolution
		SolutionGuid = {3F022B9E-DEC1-4E1D-974D-C0C6D68FDEAD}
	EndGlobalSection
EndGlobal
